
Microsoft Visual Studio Solution File, Format Version 11.00
# Visual Studio 2010
Project("{8BC9CEB8-8B4A-11D0-8D11-00A0C91BC942}") = "Kapitel2", "Template\Template.vcxproj", "{A8C75BB5-F8F5-4F95-97F6-85C17F09357C}"
EndProject
Global
	GlobalSection(SolutionConfigurationPlatforms) = preSolution
		Debug|Win32 = Debug|Win32
		Release|Win32 = Release|Win32
	EndGlobalSection
	GlobalSection(ProjectConfigurationPlatforms) = postSolution
		{A8C75BB5-F8F5-4F95-97F6-85C17F09357C}.Debug|Win32.ActiveCfg = Debug|Win32
		{A8C75BB5-F8F5-4F95-97F6-85C17F09357C}.Debug|Win32.Build.0 = Debug|Win32
		{A8C75BB5-F8F5-4F95-97F6-85C17F09357C}.Release|Win32.ActiveCfg = Release|Win32
		{A8C75BB5-F8F5-4F95-97F6-85C17F09357C}.Release|Win32.Build.0 = Release|Win32
	EndGlobalSection
	GlobalSection(SolutionProperties) = preSolution
		HideSolutionNode = FALSE
	EndGlobalSection
EndGlobal
